<?xml version="1.0" encoding="utf-8"?>
<Project ToolsVersion="4.0" xmlns="http://schemas.microsoft.com/developer/msbuild/2003">
  <ItemGroup>
    <Filter Include="Source Files">
      <UniqueIdentifier>{4FC737F1-C7A5-4376-A066-2A32D752A2FF}</UniqueIdentifier>
      <Extensions>cpp;c;cc;cxx;def;odl;idl;hpj;bat;asm;asmx</Extensions>
    </Filter>
    <Filter Include="Header Files">
      <UniqueIdentifier>{93995380-89BD-4b04-88EB-625FBE52EBFB}</UniqueIdentifier>
      <Extensions>h;hh;hpp;hxx;hm;inl;inc;xsd</Extensions>
    </Filter>
    <Filter Include="Resource Files">
      <UniqueIdentifier>{67DA6AB6-F800-4c08-8B7A-83BB121AAD01}</UniqueIdentifier>
      <Extensions>rc;ico;cur;bmp;dlg;rc2;rct;bin;rgs;gif;jpg;jpeg;jpe;resx;tiff;tif;png;wav</Extensions>
    </Filter>
  </ItemGroup>
  <ItemGroup>
    <ClCompile Include="cmultilang.cpp">
      <Filter>Source Files</Filter>
    </ClCompile>
    <ClCompile Include="corpasdialog.cpp">
      <Filter>Source Files</Filter>
    </ClCompile>
    <ClCompile Include="csvdictionarysarchdialog.cpp">
      <Filter>Source Files</Filter>
    </ClCompile>
    <ClCompile Include="extdial.cpp">
      <Filter>Source Files</Filter>
    </ClCompile>
    <ClCompile Include="exTextEdit.cpp">
      <Filter>Source Files</Filter>
    </ClCompile>
    <ClCompile Include="main.cpp">
      <Filter>Source Files</Filter>
    </ClCompile>
    <ClCompile Include="mainwindow.cpp">
      <Filter>Source Files</Filter>
    </ClCompile>
    <ClCompile Include="mecabif.cpp">
      <Filter>Source Files</Filter>
    </ClCompile>
    <ClCompile Include="messagebuff.cpp">
      <Filter>Source Files</Filter>
    </ClCompile>
    <ClCompile Include="playlinesapi.cpp">
      <Filter>Source Files</Filter>
    </ClCompile>
    <ClCompile Include="portaudioif.cpp">
      <Filter>Source Files</Filter>
    </ClCompile>
    <ClCompile Include="pretalk.cpp">
      <Filter>Source Files</Filter>
    </ClCompile>
    <ClCompile Include="profilevalues.cpp">
      <Filter>Source Files</Filter>
    </ClCompile>
    <ClCompile Include="settingdialog.cpp">
      <Filter>Source Files</Filter>
    </ClCompile>
    <ClCompile Include="settingdlg.cpp">
      <Filter>Source Files</Filter>
    </ClCompile>
    <ClCompile Include="test02.cpp">
      <Filter>Source Files</Filter>
    </ClCompile>
    <ClCompile Include="testdialog.cpp">
      <Filter>Source Files</Filter>
    </ClCompile>
    <ClCompile Include="text2wave.cpp">
      <Filter>Source Files</Filter>
    </ClCompile>
    <ClCompile Include="winpretranslatemessage.cpp">
      <Filter>Source Files</Filter>
    </ClCompile>
    <ClCompile Include="out\build\windows-default\cmakefiles\3.20.21032501-msvc_2\compileridcxx\CMakeCXXCompilerId.cpp">
      <Filter>Source Files</Filter>
    </ClCompile>
    <ClCompile Include="out\build\windows-default\cmakefiles\showincludes\main.c">
      <Filter>Source Files</Filter>
    </ClCompile>
    <ClCompile Include="out\build\x64-debug\cmakefiles\3.20.21032501-msvc_2\compileridcxx\CMakeCXXCompilerId.cpp">
      <Filter>Source Files</Filter>
    </ClCompile>
    <ClCompile Include="out\build\x64-debug\cmakefiles\showincludes\main.c">
      <Filter>Source Files</Filter>
    </ClCompile>
  </ItemGroup>
  <ItemGroup>
    <ClInclude Include="cmultilang.h">
      <Filter>Header Files</Filter>
    </ClInclude>
    <ClInclude Include="corpasdialog.h">
      <Filter>Header Files</Filter>
    </ClInclude>
    <ClInclude Include="csvdictionarysarchdialog.h">
      <Filter>Header Files</Filter>
    </ClInclude>
    <ClInclude Include="extdial.h">
      <Filter>Header Files</Filter>
    </ClInclude>
    <ClInclude Include="exTextEdit.h">
      <Filter>Header Files</Filter>
    </ClInclude>
    <ClInclude Include="mainwindow.h">
      <Filter>Header Files</Filter>
    </ClInclude>
    <ClInclude Include="mecab.h">
      <Filter>Header Files</Filter>
    </ClInclude>
    <ClInclude Include="mecabdll.h">
      <Filter>Header Files</Filter>
    </ClInclude>
    <ClInclude Include="mecabif.h">
      <Filter>Header Files</Filter>
    </ClInclude>
    <ClInclude Include="messagebuff.h">
      <Filter>Header Files</Filter>
    </ClInclude>
    <ClInclude Include="playlinesapi.h">
      <Filter>Header Files</Filter>
    </ClInclude>
    <ClInclude Include="portaudioif.h">
      <Filter>Header Files</Filter>
    </ClInclude>
    <ClInclude Include="pretalk.h">
      <Filter>Header Files</Filter>
    </ClInclude>
    <ClInclude Include="profilevalues.h">
      <Filter>Header Files</Filter>
    </ClInclude>
    <ClInclude Include="settingdialog.h">
      <Filter>Header Files</Filter>
    </ClInclude>
    <ClInclude Include="settingdlg.h">
      <Filter>Header Files</Filter>
    </ClInclude>
    <ClInclude Include="settingValues.h">
      <Filter>Header Files</Filter>
    </ClInclude>
    <ClInclude Include="test02.h">
      <Filter>Header Files</Filter>
    </ClInclude>
    <ClInclude Include="testdialog.h">
      <Filter>Header Files</Filter>
    </ClInclude>
    <ClInclude Include="text2wave.h">
      <Filter>Header Files</Filter>
    </ClInclude>
    <ClInclude Include="ui_SettingDialog.h">
      <Filter>Header Files</Filter>
    </ClInclude>
    <ClInclude Include="winpretranslatemessage.h">
      <Filter>Header Files</Filter>
    </ClInclude>
    <ClInclude Include="out\build\windows-default\cmakefiles\showincludes\foo.h">
      <Filter>Header Files</Filter>
    </ClInclude>
    <ClInclude Include="out\build\x64-debug\cmakefiles\showincludes\foo.h">
      <Filter>Header Files</Filter>
    </ClInclude>
    <ClInclude Include="portaudio\include\pa_win_ds.h">
      <Filter>Header Files</Filter>
    </ClInclude>
    <ClInclude Include="portaudio\include\pa_win_wasapi.h">
      <Filter>Header Files</Filter>
    </ClInclude>
    <ClInclude Include="portaudio\include\pa_win_waveformat.h">
      <Filter>Header Files</Filter>
    </ClInclude>
    <ClInclude Include="portaudio\include\pa_win_wdmks.h">
      <Filter>Header Files</Filter>
    </ClInclude>
    <ClInclude Include="portaudio\include\pa_win_wmme.h">
      <Filter>Header Files</Filter>
    </ClInclude>
    <ClInclude Include="portaudio\include\portaudio.h">
      <Filter>Header Files</Filter>
    </ClInclude>
  </ItemGroup>
  <ItemGroup>
    <None Include="out\build\windows-default\cmakefiles\3.20.21032501-msvc_2\CMakeDetermineCompilerABI_CXX.bin">
      <Filter>Resource Files</Filter>
    </None>
    <None Include="out\build\x64-debug\cmakefiles\3.20.21032501-msvc_2\CMakeDetermineCompilerABI_CXX.bin">
      <Filter>Resource Files</Filter>
    </None>
  </ItemGroup>
</Project>